
Microsoft Visual Studio Solution File, Format Version 12.00
Project("{FAE04EC0-301F-11D3-BF4B-00C04F79EFBC}") = "CustomFonts", "CustomFonts\CustomFonts.csproj", "{27FAC946-3177-4A56-A391-E45FE4EBEEDA}"
EndProject
Global
	GlobalSection(SolutionConfigurationPlatforms) = preSolution
		Debug|Any CPU = Debug|Any CPU
		Release|Any CPU = Release|Any CPU
	EndGlobalSection
	GlobalSection(ProjectConfigurationPlatforms) = postSolution
		{27FAC946-3177-4A56-A391-E45FE4EBEEDA}.Debug|Any CPU.ActiveCfg = Debug|Any CPU
		{27FAC946-3177-4A56-A391-E45FE4EBEEDA}.Debug|Any CPU.Build.0 = Debug|Any CPU
		{27FAC946-3177-4A56-A391-E45FE4EBEEDA}.Release|Any CPU.ActiveCfg = Release|Any CPU
		{27FAC946-3177-4A56-A391-E45FE4EBEEDA}.Release|Any CPU.Build.0 = Release|Any CPU
	EndGlobalSection
EndGlobal
